
Microsoft Visual Studio Solution File, Format Version 12.00
# Visual Studio Version 16
VisualStudioVersion = 16.0.32510.428
MinimumVisualStudioVersion = 10.0.40219.1
Project("{FAE04EC0-301F-11D3-BF4B-00C04F79EFBC}") = "Calendar_HowKteam", "Calendar_HowKteam\Calendar_HowKteam.csproj", "{6A270FCB-EEC9-4C5E-960B-62E757240E4E}"
EndProject
Global
	GlobalSection(SolutionConfigurationPlatforms) = preSolution
		Debug|Any CPU = Debug|Any CPU
		Release|Any CPU = Release|Any CPU
	EndGlobalSection
	GlobalSection(ProjectConfigurationPlatforms) = postSolution
		{6A270FCB-EEC9-4C5E-960B-62E757240E4E}.Debug|Any CPU.ActiveCfg = Debug|Any CPU
		{6A270FCB-EEC9-4C5E-960B-62E757240E4E}.Debug|Any CPU.Build.0 = Debug|Any CPU
		{6A270FCB-EEC9-4C5E-960B-62E757240E4E}.Release|Any CPU.ActiveCfg = Release|Any CPU
		{6A270FCB-EEC9-4C5E-960B-62E757240E4E}.Release|Any CPU.Build.0 = Release|Any CPU
	EndGlobalSection
	GlobalSection(SolutionProperties) = preSolution
		HideSolutionNode = FALSE
	EndGlobalSection
	GlobalSection(ExtensibilityGlobals) = postSolution
		SolutionGuid = {8332C5DF-0A0D-4E3D-B2E9-FE8C6F797FE1}
	EndGlobalSection
EndGlobal
